
Microsoft Visual Studio Solution File, Format Version 12.00
# Visual Studio Version 17
VisualStudioVersion = 17.13.35931.197 d17.13
MinimumVisualStudioVersion = 10.0.40219.1
Project("{FAE04EC0-301F-11D3-BF4B-00C04F79EFBC}") = "ApiNight.EntityLayer", "ApiNight.EntityLayer\ApiNight.EntityLayer.csproj", "{BABEAE9C-B00E-40DE-AC60-3EC57B6D400E}"
EndProject
Project("{FAE04EC0-301F-11D3-BF4B-00C04F79EFBC}") = "ApiNight.DataAccessLayer", "ApiNight.DataAccessLayer\ApiNight.DataAccessLayer.csproj", "{A7BC8F5F-1671-467E-AAB7-915747590093}"
EndProject
Global
	GlobalSection(SolutionConfigurationPlatforms) = preSolution
		Debug|Any CPU = Debug|Any CPU
		Release|Any CPU = Release|Any CPU
	EndGlobalSection
	GlobalSection(ProjectConfigurationPlatforms) = postSolution
		{BABEAE9C-B00E-40DE-AC60-3EC57B6D400E}.Debug|Any CPU.ActiveCfg = Debug|Any CPU
		{BABEAE9C-B00E-40DE-AC60-3EC57B6D400E}.Debug|Any CPU.Build.0 = Debug|Any CPU
		{BABEAE9C-B00E-40DE-AC60-3EC57B6D400E}.Release|Any CPU.ActiveCfg = Release|Any CPU
		{BABEAE9C-B00E-40DE-AC60-3EC57B6D400E}.Release|Any CPU.Build.0 = Release|Any CPU
		{A7BC8F5F-1671-467E-AAB7-915747590093}.Debug|Any CPU.ActiveCfg = Debug|Any CPU
		{A7BC8F5F-1671-467E-AAB7-915747590093}.Debug|Any CPU.Build.0 = Debug|Any CPU
		{A7BC8F5F-1671-467E-AAB7-915747590093}.Release|Any CPU.ActiveCfg = Release|Any CPU
		{A7BC8F5F-1671-467E-AAB7-915747590093}.Release|Any CPU.Build.0 = Release|Any CPU
	EndGlobalSection
	GlobalSection(SolutionProperties) = preSolution
		HideSolutionNode = FALSE
	EndGlobalSection
	GlobalSection(ExtensibilityGlobals) = postSolution
		SolutionGuid = {51F62FAA-83B5-482A-BCD9-2C1A530A9EBE}
	EndGlobalSection
EndGlobal
